
Microsoft Visual Studio Solution File, Format Version 12.00
# Visual Studio Version 16
VisualStudioVersion = 16.0.29613.14
MinimumVisualStudioVersion = 10.0.40219.1
Project("{9A19103F-16F7-4668-BE54-9A1E7A4F7556}") = "Basics", "Basics\Basics.csproj", "{3E2016DD-F281-47B7-B052-ECA0FDD95051}"
EndProject
Project("{9A19103F-16F7-4668-BE54-9A1E7A4F7556}") = "IdentityExample", "IdentityExample\IdentityExample.csproj", "{CEE7CCEC-2643-4D4B-80DC-F20B73770845}"
EndProject
Project("{2150E333-8FDC-42A3-9474-1A3956D46DE8}") = "Basic", "Basic", "{967E4A97-6ACA-46B6-AB8D-76285A87C3BE}"
EndProject
Project("{2150E333-8FDC-42A3-9474-1A3956D46DE8}") = "OAuth", "OAuth", "{590F2B97-88A4-421B-AC3C-603D454B5A41}"
EndProject
Project("{9A19103F-16F7-4668-BE54-9A1E7A4F7556}") = "Server", "Server\Server.csproj", "{E84CFA48-6116-4498-8ADC-AA3C5C6D0A54}"
EndProject
Project("{9A19103F-16F7-4668-BE54-9A1E7A4F7556}") = "Client", "Client\Client.csproj", "{5662B06F-7FF5-4FC2-B115-4D5584829058}"
EndProject
Project("{9A19103F-16F7-4668-BE54-9A1E7A4F7556}") = "Api", "Api\Api.csproj", "{A8F0F652-7212-4B9E-8236-BCE3A076F5A9}"
EndProject
Project("{2150E333-8FDC-42A3-9474-1A3956D46DE8}") = "IdentityServer4", "IdentityServer4", "{F886798A-CC2C-4187-B3C6-6A56EF325CAF}"
EndProject
Project("{9A19103F-16F7-4668-BE54-9A1E7A4F7556}") = "IdentityServer", "IdentityServer\IdentityServer.csproj", "{BBCBAE34-B847-442E-BB1F-C4E15A28EAEB}"
EndProject
Project("{9A19103F-16F7-4668-BE54-9A1E7A4F7556}") = "ApiOne", "ApiOne\ApiOne.csproj", "{9D951737-BAFE-4D48-A003-8B6E20DCE200}"
EndProject
Project("{9A19103F-16F7-4668-BE54-9A1E7A4F7556}") = "ApiTwo", "ApiTwo\ApiTwo.csproj", "{8D454715-F504-4AD5-B1F4-DA78C903ADF6}"
EndProject
Project("{9A19103F-16F7-4668-BE54-9A1E7A4F7556}") = "MvcClient", "MvcClient\MvcClient.csproj", "{61428FE1-37F4-4DD0-A27B-D7E5C3575E80}"
EndProject
Project("{FAE04EC0-301F-11D3-BF4B-00C04F79EFBC}") = "JavascriptClient", "JavascriptClient\JavascriptClient.csproj", "{5FC4E97E-D350-4A4D-982B-32F30CF79B46}"
EndProject
Global
	GlobalSection(SolutionConfigurationPlatforms) = preSolution
		Debug|Any CPU = Debug|Any CPU
		Release|Any CPU = Release|Any CPU
	EndGlobalSection
	GlobalSection(ProjectConfigurationPlatforms) = postSolution
		{3E2016DD-F281-47B7-B052-ECA0FDD95051}.Debug|Any CPU.ActiveCfg = Debug|Any CPU
		{3E2016DD-F281-47B7-B052-ECA0FDD95051}.Debug|Any CPU.Build.0 = Debug|Any CPU
		{3E2016DD-F281-47B7-B052-ECA0FDD95051}.Release|Any CPU.ActiveCfg = Release|Any CPU
		{3E2016DD-F281-47B7-B052-ECA0FDD95051}.Release|Any CPU.Build.0 = Release|Any CPU
		{CEE7CCEC-2643-4D4B-80DC-F20B73770845}.Debug|Any CPU.ActiveCfg = Debug|Any CPU
		{CEE7CCEC-2643-4D4B-80DC-F20B73770845}.Debug|Any CPU.Build.0 = Debug|Any CPU
		{CEE7CCEC-2643-4D4B-80DC-F20B73770845}.Release|Any CPU.ActiveCfg = Release|Any CPU
		{CEE7CCEC-2643-4D4B-80DC-F20B73770845}.Release|Any CPU.Build.0 = Release|Any CPU
		{E84CFA48-6116-4498-8ADC-AA3C5C6D0A54}.Debug|Any CPU.ActiveCfg = Debug|Any CPU
		{E84CFA48-6116-4498-8ADC-AA3C5C6D0A54}.Debug|Any CPU.Build.0 = Debug|Any CPU
		{E84CFA48-6116-4498-8ADC-AA3C5C6D0A54}.Release|Any CPU.ActiveCfg = Release|Any CPU
		{E84CFA48-6116-4498-8ADC-AA3C5C6D0A54}.Release|Any CPU.Build.0 = Release|Any CPU
		{5662B06F-7FF5-4FC2-B115-4D5584829058}.Debug|Any CPU.ActiveCfg = Debug|Any CPU
		{5662B06F-7FF5-4FC2-B115-4D5584829058}.Debug|Any CPU.Build.0 = Debug|Any CPU
		{5662B06F-7FF5-4FC2-B115-4D5584829058}.Release|Any CPU.ActiveCfg = Release|Any CPU
		{5662B06F-7FF5-4FC2-B115-4D5584829058}.Release|Any CPU.Build.0 = Release|Any CPU
		{A8F0F652-7212-4B9E-8236-BCE3A076F5A9}.Debug|Any CPU.ActiveCfg = Debug|Any CPU
		{A8F0F652-7212-4B9E-8236-BCE3A076F5A9}.Debug|Any CPU.Build.0 = Debug|Any CPU
		{A8F0F652-7212-4B9E-8236-BCE3A076F5A9}.Release|Any CPU.ActiveCfg = Release|Any CPU
		{A8F0F652-7212-4B9E-8236-BCE3A076F5A9}.Release|Any CPU.Build.0 = Release|Any CPU
		{BBCBAE34-B847-442E-BB1F-C4E15A28EAEB}.Debug|Any CPU.ActiveCfg = Debug|Any CPU
		{BBCBAE34-B847-442E-BB1F-C4E15A28EAEB}.Debug|Any CPU.Build.0 = Debug|Any CPU
		{BBCBAE34-B847-442E-BB1F-C4E15A28EAEB}.Release|Any CPU.ActiveCfg = Release|Any CPU
		{BBCBAE34-B847-442E-BB1F-C4E15A28EAEB}.Release|Any CPU.Build.0 = Release|Any CPU
		{9D951737-BAFE-4D48-A003-8B6E20DCE200}.Debug|Any CPU.ActiveCfg = Debug|Any CPU
		{9D951737-BAFE-4D48-A003-8B6E20DCE200}.Debug|Any CPU.Build.0 = Debug|Any CPU
		{9D951737-BAFE-4D48-A003-8B6E20DCE200}.Release|Any CPU.ActiveCfg = Release|Any CPU
		{9D951737-BAFE-4D48-A003-8B6E20DCE200}.Release|Any CPU.Build.0 = Release|Any CPU
		{8D454715-F504-4AD5-B1F4-DA78C903ADF6}.Debug|Any CPU.ActiveCfg = Debug|Any CPU
		{8D454715-F504-4AD5-B1F4-DA78C903ADF6}.Debug|Any CPU.Build.0 = Debug|Any CPU
		{8D454715-F504-4AD5-B1F4-DA78C903ADF6}.Release|Any CPU.ActiveCfg = Release|Any CPU
		{8D454715-F504-4AD5-B1F4-DA78C903ADF6}.Release|Any CPU.Build.0 = Release|Any CPU
		{61428FE1-37F4-4DD0-A27B-D7E5C3575E80}.Debug|Any CPU.ActiveCfg = Debug|Any CPU
		{61428FE1-37F4-4DD0-A27B-D7E5C3575E80}.Debug|Any CPU.Build.0 = Debug|Any CPU
		{61428FE1-37F4-4DD0-A27B-D7E5C3575E80}.Release|Any CPU.ActiveCfg = Release|Any CPU
		{61428FE1-37F4-4DD0-A27B-D7E5C3575E80}.Release|Any CPU.Build.0 = Release|Any CPU
		{5FC4E97E-D350-4A4D-982B-32F30CF79B46}.Debug|Any CPU.ActiveCfg = Debug|Any CPU
		{5FC4E97E-D350-4A4D-982B-32F30CF79B46}.Debug|Any CPU.Build.0 = Debug|Any CPU
		{5FC4E97E-D350-4A4D-982B-32F30CF79B46}.Release|Any CPU.ActiveCfg = Release|Any CPU
		{5FC4E97E-D350-4A4D-982B-32F30CF79B46}.Release|Any CPU.Build.0 = Release|Any CPU
	EndGlobalSection
	GlobalSection(SolutionProperties) = preSolution
		HideSolutionNode = FALSE
	EndGlobalSection
	GlobalSection(NestedProjects) = preSolution
		{3E2016DD-F281-47B7-B052-ECA0FDD95051} = {967E4A97-6ACA-46B6-AB8D-76285A87C3BE}
		{CEE7CCEC-2643-4D4B-80DC-F20B73770845} = {967E4A97-6ACA-46B6-AB8D-76285A87C3BE}
		{E84CFA48-6116-4498-8ADC-AA3C5C6D0A54} = {590F2B97-88A4-421B-AC3C-603D454B5A41}
		{5662B06F-7FF5-4FC2-B115-4D5584829058} = {590F2B97-88A4-421B-AC3C-603D454B5A41}
		{A8F0F652-7212-4B9E-8236-BCE3A076F5A9} = {590F2B97-88A4-421B-AC3C-603D454B5A41}
		{BBCBAE34-B847-442E-BB1F-C4E15A28EAEB} = {F886798A-CC2C-4187-B3C6-6A56EF325CAF}
		{9D951737-BAFE-4D48-A003-8B6E20DCE200} = {F886798A-CC2C-4187-B3C6-6A56EF325CAF}
		{8D454715-F504-4AD5-B1F4-DA78C903ADF6} = {F886798A-CC2C-4187-B3C6-6A56EF325CAF}
		{61428FE1-37F4-4DD0-A27B-D7E5C3575E80} = {F886798A-CC2C-4187-B3C6-6A56EF325CAF}
		{5FC4E97E-D350-4A4D-982B-32F30CF79B46} = {F886798A-CC2C-4187-B3C6-6A56EF325CAF}
	EndGlobalSection
	GlobalSection(ExtensibilityGlobals) = postSolution
		SolutionGuid = {E26BEAD5-9CF7-40EB-9B79-2776887F6299}
	EndGlobalSection
EndGlobal
